PODS:
  - Google-Mobile-Ads-SDK (11.13.0):
    - GoogleUserMessagingPlatform (>= 1.1)
  - GoogleMobileAdsMediationMenta (1.0.19):
    - Google-Mobile-Ads-SDK
    - MentaMediationGlobal (~> 1.0.19)
    - MentaVlionGlobal (~> 1.0.19)
    - MentaVlionGlobalAdapter (~> 1.0.19)
  - GoogleUserMessagingPlatform (2.7.0)
  - MentaBaseGlobal (1.0.19)
  - MentaMediationGlobal (1.0.19):
    - MentaBaseGlobal (~> 1.0.19)
  - MentaVlionGlobal (1.0.19):
    - MentaBaseGlobal (~> 1.0.19)
  - MentaVlionGlobalAdapter (1.0.19):
    - MentaMediationGlobal (~> 1.0.19)
    - MentaVlionGlobal (~> 1.0.19)

DEPENDENCIES:
  - GoogleMobileAdsMediationMenta (from `../`)

SPEC REPOS:
  https://github.com/CocoaPods/Specs.git:
    - Google-Mobile-Ads-SDK
    - GoogleUserMessagingPlatform
    - MentaBaseGlobal
    - MentaMediationGlobal
    - MentaVlionGlobal
    - MentaVlionGlobalAdapter

EXTERNAL SOURCES:
  GoogleMobileAdsMediationMenta:
    :path: "../"

SPEC CHECKSUMS:
  Google-Mobile-Ads-SDK: 14f57f2dc33532a24db288897e26494640810407
  GoogleMobileAdsMediationMenta: 098b5a4f695b8a9656a9c3078e3680a1e376fd2e
  GoogleUserMessagingPlatform: a8b56893477f67212fbc8411c139e61d463349f5
  MentaBaseGlobal: 1ebff3e567d9f799f4d56dc51befde567576aebb
  MentaMediationGlobal: 88e9baaaafda504411a29e1d96f5d64176eff26f
  MentaVlionGlobal: a3e8053ed713c0c3b707179d65e00bcfc6beeef3
  MentaVlionGlobalAdapter: d76ae0ae61834e1d217550b8aadef70d8dc17079

PODFILE CHECKSUM: 72ece17a8554b72b45816bec469bb67fa55b7b54

COCOAPODS: 1.15.2
