PODS:
  - Google-Mobile-Ads-SDK (13.1.0):
    - GoogleUserMessagingPlatform (>= 1.1)
  - GoogleMobileAdsMediationMenta (1.0.27):
    - Google-Mobile-Ads-SDK
    - MentaMediationGlobal (~> 1.0.27)
    - MentaVlionGlobal (~> 1.0.27)
    - MentaVlionGlobalAdapter (~> 1.0.27)
  - GoogleUserMessagingPlatform (3.1.0)
  - MentaBaseGlobal (1.0.27)
  - MentaMediationGlobal (1.0.27):
    - MentaBaseGlobal (~> 1.0.27)
  - MentaVlionGlobal (1.0.27):
    - MentaBaseGlobal (~> 1.0.27)
  - MentaVlionGlobalAdapter (1.0.27):
    - MentaMediationGlobal (~> 1.0.27)
    - MentaVlionGlobal (~> 1.0.27)

DEPENDENCIES:
  - GoogleMobileAdsMediationMenta (from `../`)

SPEC REPOS:
  https://github.com/CocoaPods/Specs.git:
    - Google-Mobile-Ads-SDK
    - GoogleUserMessagingPlatform
    - MentaBaseGlobal
    - MentaMediationGlobal
    - MentaVlionGlobal
    - MentaVlionGlobalAdapter

EXTERNAL SOURCES:
  GoogleMobileAdsMediationMenta:
    :path: "../"

SPEC CHECKSUMS:
  Google-Mobile-Ads-SDK: 8429bef6ee1a4e322b0a5571b64217ed8317a3d5
  GoogleMobileAdsMediationMenta: d620b15edc17c25e4f9ca6eb7799e22c72c17725
  GoogleUserMessagingPlatform: befe603da6501006420c206222acd449bba45a9c
  MentaBaseGlobal: 3ae1eb51fece298d5130c7012e99d9bef2632b69
  MentaMediationGlobal: 686ad1346f7fd0659d163f10f91b1988cad02e0f
  MentaVlionGlobal: 7b7012fac91414cc4addf158d9e6f3fb07b3c688
  MentaVlionGlobalAdapter: 9409123051a47a48d12f498ec8b606394b5608b7

PODFILE CHECKSUM: 72ece17a8554b72b45816bec469bb67fa55b7b54

COCOAPODS: 1.15.2
