PODS:
  - Google-Mobile-Ads-SDK (12.7.0):
    - GoogleUserMessagingPlatform (>= 1.1)
  - GoogleMobileAdsMediationMenta (1.0.21):
    - Google-Mobile-Ads-SDK
    - MentaMediationGlobal (~> 1.0.21)
    - MentaVlionGlobal (~> 1.0.21)
    - MentaVlionGlobalAdapter (~> 1.0.21)
  - GoogleUserMessagingPlatform (3.0.0)
  - MentaBaseGlobal (1.0.21)
  - MentaMediationGlobal (1.0.21):
    - MentaBaseGlobal (~> 1.0.21)
  - MentaVlionGlobal (1.0.21):
    - MentaBaseGlobal (~> 1.0.21)
  - MentaVlionGlobalAdapter (1.0.21):
    - MentaMediationGlobal (~> 1.0.21)
    - MentaVlionGlobal (~> 1.0.21)

DEPENDENCIES:
  - GoogleMobileAdsMediationMenta (from `../`)

SPEC REPOS:
  https://github.com/CocoaPods/Specs.git:
    - Google-Mobile-Ads-SDK
    - GoogleUserMessagingPlatform
    - MentaBaseGlobal
    - MentaMediationGlobal
    - MentaVlionGlobal
    - MentaVlionGlobalAdapter

EXTERNAL SOURCES:
  GoogleMobileAdsMediationMenta:
    :path: "../"

SPEC CHECKSUMS:
  Google-Mobile-Ads-SDK: 90a3936b11fcb1a9a69b2a33fb608e793666ce73
  GoogleMobileAdsMediationMenta: a00a9a81339ef2ba3801bbb8943dfd67897583e6
  GoogleUserMessagingPlatform: f8d0cdad3ca835406755d0a69aa634f00e76d576
  MentaBaseGlobal: aded2d05d8d2c865050e6658dc0171687d34c0ba
  MentaMediationGlobal: 06f73629101b418fc16c99aa566aae9bfe902899
  MentaVlionGlobal: f4b96df9c42e1a7e81f47f38330f3ecee5485222
  MentaVlionGlobalAdapter: c4a36288b4564b39d90f9f3a81c46001b08ef2d6

PODFILE CHECKSUM: 72ece17a8554b72b45816bec469bb67fa55b7b54

COCOAPODS: 1.15.2
